
Microsoft Visual Studio Solution File, Format Version 12.00
# Visual Studio 14
VisualStudioVersion = 14.0.24720.0
MinimumVisualStudioVersion = 10.0.40219.1
Project("{FAE04EC0-301F-11D3-BF4B-00C04F79EFBC}") = "ACM.BL", "ACM.BL\ACM.BL.csproj", "{B5BB3FBB-5046-4933-AF2D-F3D4C604A833}"
EndProject
Project("{2150E333-8FDC-42A3-9474-1A3956D46DE8}") = "Tests", "Tests", "{F4B99654-4C75-4C25-A00F-93993ACBF2CB}"
EndProject
Project("{FAE04EC0-301F-11D3-BF4B-00C04F79EFBC}") = "ACM.BLTest", "ACM.BLTest\ACM.BLTest.csproj", "{8240703B-9DA0-49C3-AEB9-F9F011520EB0}"
EndProject
Global
	GlobalSection(SolutionConfigurationPlatforms) = preSolution
		Debug|Any CPU = Debug|Any CPU
		Release|Any CPU = Release|Any CPU
	EndGlobalSection
	GlobalSection(ProjectConfigurationPlatforms) = postSolution
		{B5BB3FBB-5046-4933-AF2D-F3D4C604A833}.Debug|Any CPU.ActiveCfg = Debug|Any CPU
		{B5BB3FBB-5046-4933-AF2D-F3D4C604A833}.Debug|Any CPU.Build.0 = Debug|Any CPU
		{B5BB3FBB-5046-4933-AF2D-F3D4C604A833}.Release|Any CPU.ActiveCfg = Release|Any CPU
		{B5BB3FBB-5046-4933-AF2D-F3D4C604A833}.Release|Any CPU.Build.0 = Release|Any CPU
		{8240703B-9DA0-49C3-AEB9-F9F011520EB0}.Debug|Any CPU.ActiveCfg = Debug|Any CPU
		{8240703B-9DA0-49C3-AEB9-F9F011520EB0}.Debug|Any CPU.Build.0 = Debug|Any CPU
		{8240703B-9DA0-49C3-AEB9-F9F011520EB0}.Release|Any CPU.ActiveCfg = Release|Any CPU
		{8240703B-9DA0-49C3-AEB9-F9F011520EB0}.Release|Any CPU.Build.0 = Release|Any CPU
	EndGlobalSection
	GlobalSection(SolutionProperties) = preSolution
		HideSolutionNode = FALSE
	EndGlobalSection
	GlobalSection(NestedProjects) = preSolution
		{8240703B-9DA0-49C3-AEB9-F9F011520EB0} = {F4B99654-4C75-4C25-A00F-93993ACBF2CB}
	EndGlobalSection
EndGlobal
